{
  "name": "TABLE_COMPARE",
  "version": "1.0.0",
  "lockfileVersion": 1,
  "requires": true,
  "dependencies": {
    "@abaplint/cli": {
      "version": "2.79.29",
      "resolved": "https://registry.npmjs.org/@abaplint/cli/-/cli-2.79.29.tgz",
      "integrity": "sha512-irRY2YXeEp4OMfqDaErckNTjls+i0f6xEqnLQMsSc2Dx8Yshdfk60RbxATjg6dfJYa0p3tT3zjGoFxmmlkotXQ=="
    }
  }
}
